
Microsoft Visual Studio Solution File, Format Version 12.00
# Visual Studio 15
VisualStudioVersion = 15.0.27004.2009
MinimumVisualStudioVersion = 10.0.40219.1
Project("{FAE04EC0-301F-11D3-BF4B-00C04F79EFBC}") = "D365CustomDataProvider", "D365CustomDataProvider\D365CustomDataProvider.csproj", "{6416F189-3338-4E6C-BDE0-0AB981B65F8A}"
EndProject
Global
	GlobalSection(SolutionConfigurationPlatforms) = preSolution
		Debug|Any CPU = Debug|Any CPU
		Release|Any CPU = Release|Any CPU
	EndGlobalSection
	GlobalSection(ProjectConfigurationPlatforms) = postSolution
		{6416F189-3338-4E6C-BDE0-0AB981B65F8A}.Debug|Any CPU.ActiveCfg = Debug|Any CPU
		{6416F189-3338-4E6C-BDE0-0AB981B65F8A}.Debug|Any CPU.Build.0 = Debug|Any CPU
		{6416F189-3338-4E6C-BDE0-0AB981B65F8A}.Release|Any CPU.ActiveCfg = Release|Any CPU
		{6416F189-3338-4E6C-BDE0-0AB981B65F8A}.Release|Any CPU.Build.0 = Release|Any CPU
	EndGlobalSection
	GlobalSection(SolutionProperties) = preSolution
		HideSolutionNode = FALSE
	EndGlobalSection
	GlobalSection(ExtensibilityGlobals) = postSolution
		SolutionGuid = {F8B04B57-FA32-4583-8B0C-913B0BE03102}
	EndGlobalSection
EndGlobal
